
Microsoft Visual Studio Solution File, Format Version 12.00
Project("{FAE04EC0-301F-11D3-BF4B-00C04F79EFBC}") = "Task-Flow-Manager-Extension", "Task-Flow-Manager-Extension\Task-Flow-Manager-Extension.csproj", "{81587F6D-9E86-4E73-B353-706811568E3A}"
EndProject
Global
	GlobalSection(SolutionConfigurationPlatforms) = preSolution
		Debug|Any CPU = Debug|Any CPU
		Release|Any CPU = Release|Any CPU
	EndGlobalSection
	GlobalSection(ProjectConfigurationPlatforms) = postSolution
		{81587F6D-9E86-4E73-B353-706811568E3A}.Debug|Any CPU.ActiveCfg = Debug|Any CPU
		{81587F6D-9E86-4E73-B353-706811568E3A}.Debug|Any CPU.Build.0 = Debug|Any CPU
		{81587F6D-9E86-4E73-B353-706811568E3A}.Release|Any CPU.ActiveCfg = Release|Any CPU
		{81587F6D-9E86-4E73-B353-706811568E3A}.Release|Any CPU.Build.0 = Release|Any CPU
	EndGlobalSection
EndGlobal
